schema: '2.0'
stages:
  load_data:
    cmd: python src/stage_01_load_save.py --config=config/config.yaml
    deps:
    - path: config/config.yaml
      md5: d815a5d8e39885b175143a7641b16644
      size: 209
    - path: src/stage_01_load_save.py
      md5: f8f259195c192bb5170fc4e32e31aeb8
      size: 1032
    - path: src/utils/all_utils.py
      md5: 4b1a646cdc2d6ac80a7093171071740f
      size: 341
    outs:
    - path: artifacts/raw_local_dir/data.csv
      md5: 7d814a1bda02145efe703f4e1c01847a
      size: 93599
